
Microsoft Visual Studio Solution File, Format Version 12.00
# Visual Studio 2013
VisualStudioVersion = 12.0.40629.0
MinimumVisualStudioVersion = 10.0.40219.1
Project("{FAE04EC0-301F-11D3-BF4B-00C04F79EFBC}") = "Exceptions_handling_2", "Exceptions_handling_2\Exceptions_handling_2.csproj", "{C228894C-EC90-4ECD-8FD5-BEE0375B9F82}"
EndProject
Project("{FAE04EC0-301F-11D3-BF4B-00C04F79EFBC}") = "CustomParsers", "CustomParsers\CustomParsers.csproj", "{F8572C65-6741-41E0-973F-BA479839F07B}"
EndProject
Global
	GlobalSection(SolutionConfigurationPlatforms) = preSolution
		Debug|Any CPU = Debug|Any CPU
		Release|Any CPU = Release|Any CPU
	EndGlobalSection
	GlobalSection(ProjectConfigurationPlatforms) = postSolution
		{C228894C-EC90-4ECD-8FD5-BEE0375B9F82}.Debug|Any CPU.ActiveCfg = Debug|Any CPU
		{C228894C-EC90-4ECD-8FD5-BEE0375B9F82}.Debug|Any CPU.Build.0 = Debug|Any CPU
		{C228894C-EC90-4ECD-8FD5-BEE0375B9F82}.Release|Any CPU.ActiveCfg = Release|Any CPU
		{C228894C-EC90-4ECD-8FD5-BEE0375B9F82}.Release|Any CPU.Build.0 = Release|Any CPU
		{F8572C65-6741-41E0-973F-BA479839F07B}.Debug|Any CPU.ActiveCfg = Debug|Any CPU
		{F8572C65-6741-41E0-973F-BA479839F07B}.Debug|Any CPU.Build.0 = Debug|Any CPU
		{F8572C65-6741-41E0-973F-BA479839F07B}.Release|Any CPU.ActiveCfg = Release|Any CPU
		{F8572C65-6741-41E0-973F-BA479839F07B}.Release|Any CPU.Build.0 = Release|Any CPU
	EndGlobalSection
	GlobalSection(SolutionProperties) = preSolution
		HideSolutionNode = FALSE
	EndGlobalSection
EndGlobal
